uuid: 66bbe7b5-2520-4798-ac04-b45f5d00ad12
langcode: en
status: true
dependencies:
  content:
    - 'block_content:basic:3844889a-d248-417f-bb92-93b0c53dd12a'
  module:
    - block_content
  theme:
    - olivero
id: testblock
theme: olivero
region: sidebar
weight: -7
provider: null
plugin: 'block_content:3844889a-d248-417f-bb92-93b0c53dd12a'
settings:
  id: 'block_content:3844889a-d248-417f-bb92-93b0c53dd12a'
  label: 'Test block'
  label_display: visible
  provider: block_content
  status: true
  info: ''
  view_mode: full
visibility: {  }
