uuid: 381cccf3-4cb9-40ee-a2f6-be017ff4209b
langcode: en
status: true
dependencies:
  module:
    - node
    - text
id: node.field_news_text_block
field_name: field_news_text_block
entity_type: node
type: text
settings:
  max_length: 255
module: text
locked: false
cardinality: 1
translatable: true
indexes: {  }
persist_with_no_fields: false
custom_storage: false
